{
   "name": "libphonenumber-example",
   "version": "1.0.0",
   "lockfileVersion": 2,
   "requires": true,
   "packages": {
      "": {
         "name": "libphonenumber-example",
         "version": "1.0.0",
         "license": "ISC",
         "dependencies": {
            "libphonenumber-js": "^1.10.4"
         }
      },
      "node_modules/libphonenumber-js": {
         "version": "1.10.4",
         "resolved": "https://registry.npmjs.org/libphonenumber-js/-/libphonenumber-js-1.10.4.tgz",
         "integrity": "sha512-9QWxEk4GW5RDnFzt8UtyRENfFpAN8u7Sbf9wf32tcXY9tdtnz1dKHIBwW2Wnfx8ypXJb9zUnTpK9aQJ/B8AlnA=="
      }
   },
   "dependencies": {
      "libphonenumber-js": {
         "version": "1.10.4",
         "resolved": "https://registry.npmjs.org/libphonenumber-js/-/libphonenumber-js-1.10.4.tgz",
         "integrity": "sha512-9QWxEk4GW5RDnFzt8UtyRENfFpAN8u7Sbf9wf32tcXY9tdtnz1dKHIBwW2Wnfx8ypXJb9zUnTpK9aQJ/B8AlnA=="
      }
   }
}
